
Microsoft Visual Studio Solution File, Format Version 12.00
# Visual Studio Version 17
VisualStudioVersion = 17.10.35013.160
MinimumVisualStudioVersion = 10.0.40219.1
Project("{FAE04EC0-301F-11D3-BF4B-00C04F79EFBC}") = "NetStoneMCP", "NetStoneMCP.csproj", "{54266AC4-DE68-4996-AA31-068062480FEF}"
EndProject
Project("{FAE04EC0-301F-11D3-BF4B-00C04F79EFBC}") = "NetStoneClient", "..\tests\NetStoneClient\NetStoneClient.csproj", "{69AB5F17-546E-416A-94FE-EC98A5302327}"
EndProject
Project("{FAE04EC0-301F-11D3-BF4B-00C04F79EFBC}") = "NetStoneDiscordBot", "..\tests\NetStoneDiscordBot\NetStoneDiscordBot.csproj", "{D23E5D83-6105-430B-909B-81DC2F0D6E54}"
EndProject
Global
	GlobalSection(SolutionConfigurationPlatforms) = preSolution
		Debug|Any CPU = Debug|Any CPU
		Release|Any CPU = Release|Any CPU
	EndGlobalSection
	GlobalSection(ProjectConfigurationPlatforms) = postSolution
		{54266AC4-DE68-4996-AA31-068062480FEF}.Debug|Any CPU.ActiveCfg = Debug|Any CPU
		{54266AC4-DE68-4996-AA31-068062480FEF}.Debug|Any CPU.Build.0 = Debug|Any CPU
		{54266AC4-DE68-4996-AA31-068062480FEF}.Release|Any CPU.ActiveCfg = Release|Any CPU
		{54266AC4-DE68-4996-AA31-068062480FEF}.Release|Any CPU.Build.0 = Release|Any CPU
		{69AB5F17-546E-416A-94FE-EC98A5302327}.Debug|Any CPU.ActiveCfg = Debug|Any CPU
		{69AB5F17-546E-416A-94FE-EC98A5302327}.Debug|Any CPU.Build.0 = Debug|Any CPU
		{69AB5F17-546E-416A-94FE-EC98A5302327}.Release|Any CPU.ActiveCfg = Release|Any CPU
		{69AB5F17-546E-416A-94FE-EC98A5302327}.Release|Any CPU.Build.0 = Release|Any CPU
		{D23E5D83-6105-430B-909B-81DC2F0D6E54}.Debug|Any CPU.ActiveCfg = Debug|Any CPU
		{D23E5D83-6105-430B-909B-81DC2F0D6E54}.Debug|Any CPU.Build.0 = Debug|Any CPU
		{D23E5D83-6105-430B-909B-81DC2F0D6E54}.Release|Any CPU.ActiveCfg = Release|Any CPU
		{D23E5D83-6105-430B-909B-81DC2F0D6E54}.Release|Any CPU.Build.0 = Release|Any CPU
	EndGlobalSection
	GlobalSection(SolutionProperties) = preSolution
		HideSolutionNode = FALSE
	EndGlobalSection
	GlobalSection(ExtensibilityGlobals) = postSolution
		SolutionGuid = {92A13182-4826-488F-971E-3CF5D0A19210}
	EndGlobalSection
EndGlobal
